Microsoft Visual Studio Solution File, Format Version 12.00
# Visual Studio 15
Project("{8BC9CEB8-8B4A-11D0-8D11-00A0C91BC942}") = "ALL_BUILD", "ALL_BUILD.vcxproj", "{9AD00D8B-066D-3DFB-B396-D46AB54119B1}"
	ProjectSection(ProjectDependencies) = postProject
		{382DE484-FBF2-37F0-B152-69DD71FF62C3} = {382DE484-FBF2-37F0-B152-69DD71FF62C3}
		{2EEFA2A8-DB07-3662-950B-A39B7004516C} = {2EEFA2A8-DB07-3662-950B-A39B7004516C}
		{8C08AA65-A897-3712-8A2E-E0A6F0612724} = {8C08AA65-A897-3712-8A2E-E0A6F0612724}
		{E961AB54-1196-3320-B298-59F1FEE31553} = {E961AB54-1196-3320-B298-59F1FEE31553}
		{CCD311B2-1B73-3DFE-9EB0-C546120ADB5F} = {CCD311B2-1B73-3DFE-9EB0-C546120ADB5F}
		{0E19BBBC-BFF6-366D-9B1F-C9901C19064A} = {0E19BBBC-BFF6-366D-9B1F-C9901C19064A}
		{A69E96B8-0734-39DA-92B0-D6301D869A98} = {A69E96B8-0734-39DA-92B0-D6301D869A98}
	EndProjectSection
EndProject
Project("{8BC9CEB8-8B4A-11D0-8D11-00A0C91BC942}") = "Continuous", "test\Continuous.vcxproj", "{E2F31EBF-4D25-36B0-8706-3EC86498B315}"
	ProjectSection(ProjectDependencies) = postProject
		{2EEFA2A8-DB07-3662-950B-A39B7004516C} = {2EEFA2A8-DB07-3662-950B-A39B7004516C}
	EndProjectSection
EndProject
Project("{8BC9CEB8-8B4A-11D0-8D11-00A0C91BC942}") = "Experimental", "test\Experimental.vcxproj", "{D5F0AAA1-3A0C-3A04-A943-EA168BF7E0C0}"
	ProjectSection(ProjectDependencies) = postProject
		{2EEFA2A8-DB07-3662-950B-A39B7004516C} = {2EEFA2A8-DB07-3662-950B-A39B7004516C}
	EndProjectSection
EndProject
Project("{8BC9CEB8-8B4A-11D0-8D11-00A0C91BC942}") = "INSTALL", "INSTALL.vcxproj", "{4D12AC40-FF5D-3002-976D-E9BDB05EF267}"
	ProjectSection(ProjectDependencies) = postProject
		{9AD00D8B-066D-3DFB-B396-D46AB54119B1} = {9AD00D8B-066D-3DFB-B396-D46AB54119B1}
		{2EEFA2A8-DB07-3662-950B-A39B7004516C} = {2EEFA2A8-DB07-3662-950B-A39B7004516C}
	EndProjectSection
EndProject
Project("{8BC9CEB8-8B4A-11D0-8D11-00A0C91BC942}") = "IrrXML", "contrib\irrXML\IrrXML.vcxproj", "{382DE484-FBF2-37F0-B152-69DD71FF62C3}"
	ProjectSection(ProjectDependencies) = postProject
		{2EEFA2A8-DB07-3662-950B-A39B7004516C} = {2EEFA2A8-DB07-3662-950B-A39B7004516C}
	EndProjectSection
EndProject
Project("{8BC9CEB8-8B4A-11D0-8D11-00A0C91BC942}") = "Nightly", "test\Nightly.vcxproj", "{CA0515EC-BC60-3F27-9790-573E2B60A503}"
	ProjectSection(ProjectDependencies) = postProject
		{2EEFA2A8-DB07-3662-950B-A39B7004516C} = {2EEFA2A8-DB07-3662-950B-A39B7004516C}
	EndProjectSection
EndProject
Project("{8BC9CEB8-8B4A-11D0-8D11-00A0C91BC942}") = "NightlyMemoryCheck", "test\NightlyMemoryCheck.vcxproj", "{C32BD6D6-2607-38B3-A8A9-E2524FEF840C}"
	ProjectSection(ProjectDependencies) = postProject
		{2EEFA2A8-DB07-3662-950B-A39B7004516C} = {2EEFA2A8-DB07-3662-950B-A39B7004516C}
	EndProjectSection
EndProject
Project("{8BC9CEB8-8B4A-11D0-8D11-00A0C91BC942}") = "UpdateAssimpLibsDebugSymbolsAndDLLs", "UpdateAssimpLibsDebugSymbolsAndDLLs.vcxproj", "{FBDBBD89-1D83-3D60-86BB-FCA6A624EF30}"
	ProjectSection(ProjectDependencies) = postProject
		{2EEFA2A8-DB07-3662-950B-A39B7004516C} = {2EEFA2A8-DB07-3662-950B-A39B7004516C}
	EndProjectSection
EndProject
Project("{8BC9CEB8-8B4A-11D0-8D11-00A0C91BC942}") = "ZERO_CHECK", "ZERO_CHECK.vcxproj", "{2EEFA2A8-DB07-3662-950B-A39B7004516C}"
	ProjectSection(ProjectDependencies) = postProject
	EndProjectSection
EndProject
Project("{8BC9CEB8-8B4A-11D0-8D11-00A0C91BC942}") = "assimp", "code\assimp.vcxproj", "{8C08AA65-A897-3712-8A2E-E0A6F0612724}"
	ProjectSection(ProjectDependencies) = postProject
		{382DE484-FBF2-37F0-B152-69DD71FF62C3} = {382DE484-FBF2-37F0-B152-69DD71FF62C3}
		{2EEFA2A8-DB07-3662-950B-A39B7004516C} = {2EEFA2A8-DB07-3662-950B-A39B7004516C}
		{A69E96B8-0734-39DA-92B0-D6301D869A98} = {A69E96B8-0734-39DA-92B0-D6301D869A98}
	EndProjectSection
EndProject
Project("{8BC9CEB8-8B4A-11D0-8D11-00A0C91BC942}") = "assimp_cmd", "tools\assimp_cmd\assimp_cmd.vcxproj", "{E961AB54-1196-3320-B298-59F1FEE31553}"
	ProjectSection(ProjectDependencies) = postProject
		{382DE484-FBF2-37F0-B152-69DD71FF62C3} = {382DE484-FBF2-37F0-B152-69DD71FF62C3}
		{2EEFA2A8-DB07-3662-950B-A39B7004516C} = {2EEFA2A8-DB07-3662-950B-A39B7004516C}
		{8C08AA65-A897-3712-8A2E-E0A6F0612724} = {8C08AA65-A897-3712-8A2E-E0A6F0612724}
		{A69E96B8-0734-39DA-92B0-D6301D869A98} = {A69E96B8-0734-39DA-92B0-D6301D869A98}
	EndProjectSection
EndProject
Project("{8BC9CEB8-8B4A-11D0-8D11-00A0C91BC942}") = "uninstall", "uninstall.vcxproj", "{236207F6-3F0E-35B5-BF98-2A4B1A1A94D4}"
	ProjectSection(ProjectDependencies) = postProject
		{2EEFA2A8-DB07-3662-950B-A39B7004516C} = {2EEFA2A8-DB07-3662-950B-A39B7004516C}
	EndProjectSection
EndProject
Project("{8BC9CEB8-8B4A-11D0-8D11-00A0C91BC942}") = "unit", "test\unit.vcxproj", "{CCD311B2-1B73-3DFE-9EB0-C546120ADB5F}"
	ProjectSection(ProjectDependencies) = postProject
		{382DE484-FBF2-37F0-B152-69DD71FF62C3} = {382DE484-FBF2-37F0-B152-69DD71FF62C3}
		{2EEFA2A8-DB07-3662-950B-A39B7004516C} = {2EEFA2A8-DB07-3662-950B-A39B7004516C}
		{8C08AA65-A897-3712-8A2E-E0A6F0612724} = {8C08AA65-A897-3712-8A2E-E0A6F0612724}
		{A69E96B8-0734-39DA-92B0-D6301D869A98} = {A69E96B8-0734-39DA-92B0-D6301D869A98}
	EndProjectSection
EndProject
Project("{8BC9CEB8-8B4A-11D0-8D11-00A0C91BC942}") = "zlib", "contrib\zlib\zlib.vcxproj", "{0E19BBBC-BFF6-366D-9B1F-C9901C19064A}"
	ProjectSection(ProjectDependencies) = postProject
		{2EEFA2A8-DB07-3662-950B-A39B7004516C} = {2EEFA2A8-DB07-3662-950B-A39B7004516C}
	EndProjectSection
EndProject
Project("{8BC9CEB8-8B4A-11D0-8D11-00A0C91BC942}") = "zlibstatic", "contrib\zlib\zlibstatic.vcxproj", "{A69E96B8-0734-39DA-92B0-D6301D869A98}"
	ProjectSection(ProjectDependencies) = postProject
		{2EEFA2A8-DB07-3662-950B-A39B7004516C} = {2EEFA2A8-DB07-3662-950B-A39B7004516C}
	EndProjectSection
EndProject
Global
	GlobalSection(SolutionConfigurationPlatforms) = preSolution
		Debug|Win32 = Debug|Win32
		Release|Win32 = Release|Win32
		MinSizeRel|Win32 = MinSizeRel|Win32
		RelWithDebInfo|Win32 = RelWithDebInfo|Win32
	EndGlobalSection
	GlobalSection(ProjectConfigurationPlatforms) = postSolution
		{9AD00D8B-066D-3DFB-B396-D46AB54119B1}.Debug|Win32.ActiveCfg = Debug|Win32
		{9AD00D8B-066D-3DFB-B396-D46AB54119B1}.Debug|Win32.Build.0 = Debug|Win32
		{9AD00D8B-066D-3DFB-B396-D46AB54119B1}.Release|Win32.ActiveCfg = Release|Win32
		{9AD00D8B-066D-3DFB-B396-D46AB54119B1}.Release|Win32.Build.0 = Release|Win32
		{9AD00D8B-066D-3DFB-B396-D46AB54119B1}.MinSizeRel|Win32.ActiveCfg = MinSizeRel|Win32
		{9AD00D8B-066D-3DFB-B396-D46AB54119B1}.MinSizeRel|Win32.Build.0 = MinSizeRel|Win32
		{9AD00D8B-066D-3DFB-B396-D46AB54119B1}.RelWithDebInfo|Win32.ActiveCfg = RelWithDebInfo|Win32
		{9AD00D8B-066D-3DFB-B396-D46AB54119B1}.RelWithDebInfo|Win32.Build.0 = RelWithDebInfo|Win32
		{E2F31EBF-4D25-36B0-8706-3EC86498B315}.Debug|Win32.ActiveCfg = Debug|Win32
		{E2F31EBF-4D25-36B0-8706-3EC86498B315}.Release|Win32.ActiveCfg = Release|Win32
		{E2F31EBF-4D25-36B0-8706-3EC86498B315}.MinSizeRel|Win32.ActiveCfg = MinSizeRel|Win32
		{E2F31EBF-4D25-36B0-8706-3EC86498B315}.RelWithDebInfo|Win32.ActiveCfg = RelWithDebInfo|Win32
		{D5F0AAA1-3A0C-3A04-A943-EA168BF7E0C0}.Debug|Win32.ActiveCfg = Debug|Win32
		{D5F0AAA1-3A0C-3A04-A943-EA168BF7E0C0}.Release|Win32.ActiveCfg = Release|Win32
		{D5F0AAA1-3A0C-3A04-A943-EA168BF7E0C0}.MinSizeRel|Win32.ActiveCfg = MinSizeRel|Win32
		{D5F0AAA1-3A0C-3A04-A943-EA168BF7E0C0}.RelWithDebInfo|Win32.ActiveCfg = RelWithDebInfo|Win32
		{4D12AC40-FF5D-3002-976D-E9BDB05EF267}.Debug|Win32.ActiveCfg = Debug|Win32
		{4D12AC40-FF5D-3002-976D-E9BDB05EF267}.Release|Win32.ActiveCfg = Release|Win32
		{4D12AC40-FF5D-3002-976D-E9BDB05EF267}.MinSizeRel|Win32.ActiveCfg = MinSizeRel|Win32
		{4D12AC40-FF5D-3002-976D-E9BDB05EF267}.RelWithDebInfo|Win32.ActiveCfg = RelWithDebInfo|Win32
		{382DE484-FBF2-37F0-B152-69DD71FF62C3}.Debug|Win32.ActiveCfg = Debug|Win32
		{382DE484-FBF2-37F0-B152-69DD71FF62C3}.Debug|Win32.Build.0 = Debug|Win32
		{382DE484-FBF2-37F0-B152-69DD71FF62C3}.Release|Win32.ActiveCfg = Release|Win32
		{382DE484-FBF2-37F0-B152-69DD71FF62C3}.Release|Win32.Build.0 = Release|Win32
		{382DE484-FBF2-37F0-B152-69DD71FF62C3}.MinSizeRel|Win32.ActiveCfg = MinSizeRel|Win32
		{382DE484-FBF2-37F0-B152-69DD71FF62C3}.MinSizeRel|Win32.Build.0 = MinSizeRel|Win32
		{382DE484-FBF2-37F0-B152-69DD71FF62C3}.RelWithDebInfo|Win32.ActiveCfg = RelWithDebInfo|Win32
		{382DE484-FBF2-37F0-B152-69DD71FF62C3}.RelWithDebInfo|Win32.Build.0 = RelWithDebInfo|Win32
		{CA0515EC-BC60-3F27-9790-573E2B60A503}.Debug|Win32.ActiveCfg = Debug|Win32
		{CA0515EC-BC60-3F27-9790-573E2B60A503}.Release|Win32.ActiveCfg = Release|Win32
		{CA0515EC-BC60-3F27-9790-573E2B60A503}.MinSizeRel|Win32.ActiveCfg = MinSizeRel|Win32
		{CA0515EC-BC60-3F27-9790-573E2B60A503}.RelWithDebInfo|Win32.ActiveCfg = RelWithDebInfo|Win32
		{C32BD6D6-2607-38B3-A8A9-E2524FEF840C}.Debug|Win32.ActiveCfg = Debug|Win32
		{C32BD6D6-2607-38B3-A8A9-E2524FEF840C}.Release|Win32.ActiveCfg = Release|Win32
		{C32BD6D6-2607-38B3-A8A9-E2524FEF840C}.MinSizeRel|Win32.ActiveCfg = MinSizeRel|Win32
		{C32BD6D6-2607-38B3-A8A9-E2524FEF840C}.RelWithDebInfo|Win32.ActiveCfg = RelWithDebInfo|Win32
		{FBDBBD89-1D83-3D60-86BB-FCA6A624EF30}.Debug|Win32.ActiveCfg = Debug|Win32
		{FBDBBD89-1D83-3D60-86BB-FCA6A624EF30}.Release|Win32.ActiveCfg = Release|Win32
		{FBDBBD89-1D83-3D60-86BB-FCA6A624EF30}.MinSizeRel|Win32.ActiveCfg = MinSizeRel|Win32
		{FBDBBD89-1D83-3D60-86BB-FCA6A624EF30}.RelWithDebInfo|Win32.ActiveCfg = RelWithDebInfo|Win32
		{2EEFA2A8-DB07-3662-950B-A39B7004516C}.Debug|Win32.ActiveCfg = Debug|Win32
		{2EEFA2A8-DB07-3662-950B-A39B7004516C}.Debug|Win32.Build.0 = Debug|Win32
		{2EEFA2A8-DB07-3662-950B-A39B7004516C}.Release|Win32.ActiveCfg = Release|Win32
		{2EEFA2A8-DB07-3662-950B-A39B7004516C}.Release|Win32.Build.0 = Release|Win32
		{2EEFA2A8-DB07-3662-950B-A39B7004516C}.MinSizeRel|Win32.ActiveCfg = MinSizeRel|Win32
		{2EEFA2A8-DB07-3662-950B-A39B7004516C}.MinSizeRel|Win32.Build.0 = MinSizeRel|Win32
		{2EEFA2A8-DB07-3662-950B-A39B7004516C}.RelWithDebInfo|Win32.ActiveCfg = RelWithDebInfo|Win32
		{2EEFA2A8-DB07-3662-950B-A39B7004516C}.RelWithDebInfo|Win32.Build.0 = RelWithDebInfo|Win32
		{8C08AA65-A897-3712-8A2E-E0A6F0612724}.Debug|Win32.ActiveCfg = Debug|Win32
		{8C08AA65-A897-3712-8A2E-E0A6F0612724}.Debug|Win32.Build.0 = Debug|Win32
		{8C08AA65-A897-3712-8A2E-E0A6F0612724}.Release|Win32.ActiveCfg = Release|Win32
		{8C08AA65-A897-3712-8A2E-E0A6F0612724}.Release|Win32.Build.0 = Release|Win32
		{8C08AA65-A897-3712-8A2E-E0A6F0612724}.MinSizeRel|Win32.ActiveCfg = MinSizeRel|Win32
		{8C08AA65-A897-3712-8A2E-E0A6F0612724}.MinSizeRel|Win32.Build.0 = MinSizeRel|Win32
		{8C08AA65-A897-3712-8A2E-E0A6F0612724}.RelWithDebInfo|Win32.ActiveCfg = RelWithDebInfo|Win32
		{8C08AA65-A897-3712-8A2E-E0A6F0612724}.RelWithDebInfo|Win32.Build.0 = RelWithDebInfo|Win32
		{E961AB54-1196-3320-B298-59F1FEE31553}.Debug|Win32.ActiveCfg = Debug|Win32
		{E961AB54-1196-3320-B298-59F1FEE31553}.Debug|Win32.Build.0 = Debug|Win32
		{E961AB54-1196-3320-B298-59F1FEE31553}.Release|Win32.ActiveCfg = Release|Win32
		{E961AB54-1196-3320-B298-59F1FEE31553}.Release|Win32.Build.0 = Release|Win32
		{E961AB54-1196-3320-B298-59F1FEE31553}.MinSizeRel|Win32.ActiveCfg = MinSizeRel|Win32
		{E961AB54-1196-3320-B298-59F1FEE31553}.MinSizeRel|Win32.Build.0 = MinSizeRel|Win32
		{E961AB54-1196-3320-B298-59F1FEE31553}.RelWithDebInfo|Win32.ActiveCfg = RelWithDebInfo|Win32
		{E961AB54-1196-3320-B298-59F1FEE31553}.RelWithDebInfo|Win32.Build.0 = RelWithDebInfo|Win32
		{236207F6-3F0E-35B5-BF98-2A4B1A1A94D4}.Debug|Win32.ActiveCfg = Debug|Win32
		{236207F6-3F0E-35B5-BF98-2A4B1A1A94D4}.Release|Win32.ActiveCfg = Release|Win32
		{236207F6-3F0E-35B5-BF98-2A4B1A1A94D4}.MinSizeRel|Win32.ActiveCfg = MinSizeRel|Win32
		{236207F6-3F0E-35B5-BF98-2A4B1A1A94D4}.RelWithDebInfo|Win32.ActiveCfg = RelWithDebInfo|Win32
		{CCD311B2-1B73-3DFE-9EB0-C546120ADB5F}.Debug|Win32.ActiveCfg = Debug|Win32
		{CCD311B2-1B73-3DFE-9EB0-C546120ADB5F}.Debug|Win32.Build.0 = Debug|Win32
		{CCD311B2-1B73-3DFE-9EB0-C546120ADB5F}.Release|Win32.ActiveCfg = Release|Win32
		{CCD311B2-1B73-3DFE-9EB0-C546120ADB5F}.Release|Win32.Build.0 = Release|Win32
		{CCD311B2-1B73-3DFE-9EB0-C546120ADB5F}.MinSizeRel|Win32.ActiveCfg = MinSizeRel|Win32
		{CCD311B2-1B73-3DFE-9EB0-C546120ADB5F}.MinSizeRel|Win32.Build.0 = MinSizeRel|Win32
		{CCD311B2-1B73-3DFE-9EB0-C546120ADB5F}.RelWithDebInfo|Win32.ActiveCfg = RelWithDebInfo|Win32
		{CCD311B2-1B73-3DFE-9EB0-C546120ADB5F}.RelWithDebInfo|Win32.Build.0 = RelWithDebInfo|Win32
		{0E19BBBC-BFF6-366D-9B1F-C9901C19064A}.Debug|Win32.ActiveCfg = Debug|Win32
		{0E19BBBC-BFF6-366D-9B1F-C9901C19064A}.Debug|Win32.Build.0 = Debug|Win32
		{0E19BBBC-BFF6-366D-9B1F-C9901C19064A}.Release|Win32.ActiveCfg = Release|Win32
		{0E19BBBC-BFF6-366D-9B1F-C9901C19064A}.Release|Win32.Build.0 = Release|Win32
		{0E19BBBC-BFF6-366D-9B1F-C9901C19064A}.MinSizeRel|Win32.ActiveCfg = MinSizeRel|Win32
		{0E19BBBC-BFF6-366D-9B1F-C9901C19064A}.MinSizeRel|Win32.Build.0 = MinSizeRel|Win32
		{0E19BBBC-BFF6-366D-9B1F-C9901C19064A}.RelWithDebInfo|Win32.ActiveCfg = RelWithDebInfo|Win32
		{0E19BBBC-BFF6-366D-9B1F-C9901C19064A}.RelWithDebInfo|Win32.Build.0 = RelWithDebInfo|Win32
		{A69E96B8-0734-39DA-92B0-D6301D869A98}.Debug|Win32.ActiveCfg = Debug|Win32
		{A69E96B8-0734-39DA-92B0-D6301D869A98}.Debug|Win32.Build.0 = Debug|Win32
		{A69E96B8-0734-39DA-92B0-D6301D869A98}.Release|Win32.ActiveCfg = Release|Win32
		{A69E96B8-0734-39DA-92B0-D6301D869A98}.Release|Win32.Build.0 = Release|Win32
		{A69E96B8-0734-39DA-92B0-D6301D869A98}.MinSizeRel|Win32.ActiveCfg = MinSizeRel|Win32
		{A69E96B8-0734-39DA-92B0-D6301D869A98}.MinSizeRel|Win32.Build.0 = MinSizeRel|Win32
		{A69E96B8-0734-39DA-92B0-D6301D869A98}.RelWithDebInfo|Win32.ActiveCfg = RelWithDebInfo|Win32
		{A69E96B8-0734-39DA-92B0-D6301D869A98}.RelWithDebInfo|Win32.Build.0 = RelWithDebInfo|Win32
	EndGlobalSection
	GlobalSection(ExtensibilityGlobals) = postSolution
		SolutionGuid = {E104A785-4B11-3C5D-86A5-B8BAAA24BF52}
	EndGlobalSection
	GlobalSection(ExtensibilityAddIns) = postSolution
	EndGlobalSection
EndGlobal
