<?xml version="1.0" encoding="utf-8"?>
<Project ToolsVersion="15.0" xmlns="http://schemas.microsoft.com/developer/msbuild/2003">
  <ItemGroup>
    <CustomBuild Include="C:\Users\10\Desktop\GameMakeFiles\MyFirst3DGame\Dependencies\assimp\CMakeFiles\15256a71526f14e088c678d247338657\Nightly.rule">
      <Filter>CMake Rules</Filter>
    </CustomBuild>
    <CustomBuild Include="C:\Users\10\Desktop\GameMakeFiles\assimp-4.1.0\test\CMakeLists.txt" />
  </ItemGroup>
  <ItemGroup>
    <None Include="C:\Users\10\Desktop\GameMakeFiles\MyFirst3DGame\Dependencies\assimp\test\CMakeFiles\Nightly" />
  </ItemGroup>
  <ItemGroup>
    <Filter Include="CMake Rules">
      <UniqueIdentifier>{6CADA9E5-DE2D-3E8B-9655-D2CA3D6E81DC}</UniqueIdentifier>
    </Filter>
  </ItemGroup>
</Project>
